{
  "name": "jd",
  "version": "0.0.0",
  "lockfileVersion": 1,
  "requires": true,
  "dependencies": {
    "accepts": {
      "version": "http://registry.npmjs.org/accepts/-/accepts-1.3.3.tgz",
      "integrity": "sha1-w8p0NJOGSMPg2cHjKN1otiLChMo=",
      "requires": {
        "mime-types": "http://registry.npmjs.org/mime-types/-/mime-types-2.1.15.tgz",
        "negotiator": "http://registry.npmjs.org/negotiator/-/negotiator-0.6.1.tgz"
      }
    },
    "array-flatten": {
      "version": "http://registry.npmjs.org/array-flatten/-/array-flatten-1.1.1.tgz",
      "integrity": "sha1-ml9pkFGx5wczKPKgCJaLZOopVdI="
    },
    "basic-auth": {
      "version": "http://registry.npmjs.org/basic-auth/-/basic-auth-1.1.0.tgz",
      "integrity": "sha1-RSIe5Cn37h5QNb4/UVM/HN/SmIQ="
    },
    "body-parser": {
      "version": "http://registry.npmjs.org/body-parser/-/body-parser-1.17.2.tgz",
      "integrity": "sha1-+IkqvI+eYn1Crtr7yma/WrmRBO4=",
      "requires": {
        "bytes": "http://registry.npmjs.org/bytes/-/bytes-2.4.0.tgz",
        "content-type": "http://registry.npmjs.org/content-type/-/content-type-1.0.2.tgz",
        "debug": "http://registry.npmjs.org/debug/-/debug-2.6.7.tgz",
        "depd": "http://registry.npmjs.org/depd/-/depd-1.1.0.tgz",
        "http-errors": "http://registry.npmjs.org/http-errors/-/http-errors-1.6.1.tgz",
        "iconv-lite": "http://registry.npmjs.org/iconv-lite/-/iconv-lite-0.4.15.tgz",
        "on-finished": "http://registry.npmjs.org/on-finished/-/on-finished-2.3.0.tgz",
        "qs": "http://registry.npmjs.org/qs/-/qs-6.4.0.tgz",
        "raw-body": "http://registry.npmjs.org/raw-body/-/raw-body-2.2.0.tgz",
        "type-is": "http://registry.npmjs.org/type-is/-/type-is-1.6.15.tgz"
      },
      "dependencies": {
        "debug": {
          "version": "http://registry.npmjs.org/debug/-/debug-2.6.7.tgz",
          "integrity": "sha1-krrR9tBbu2u6Isyoi80OyJTChh4=",
          "requires": {
            "ms": "http://registry.npmjs.org/ms/-/ms-2.0.0.tgz"
          }
        }
      }
    },
    "bson": {
      "version": "http://registry.npmjs.org/bson/-/bson-1.0.4.tgz",
      "integrity": "sha1-k8ENOeqltYQVy8QFLz5T5WKwtyw="
    },
    "buffer-shims": {
      "version": "http://registry.npmjs.org/buffer-shims/-/buffer-shims-1.0.0.tgz",
      "integrity": "sha1-mXjOMXOIxkmth5MCjDR37wRKi1E="
    },
    "bytes": {
      "version": "http://registry.npmjs.org/bytes/-/bytes-2.4.0.tgz",
      "integrity": "sha1-fZcZb51br39pNeJZhVSe3SpsIzk="
    },
    "content-disposition": {
      "version": "http://registry.npmjs.org/content-disposition/-/content-disposition-0.5.2.tgz",
      "integrity": "sha1-DPaLud318r55YcOoUXjLhdunjLQ="
    },
    "content-type": {
      "version": "http://registry.npmjs.org/content-type/-/content-type-1.0.2.tgz",
      "integrity": "sha1-t9ETrueo3Se9IRM8TcJSnfFyHu0="
    },
    "cookie": {
      "version": "http://registry.npmjs.org/cookie/-/cookie-0.3.1.tgz",
      "integrity": "sha1-5+Ch+e9DtMi6klxcWpboBtFoc7s="
    },
    "cookie-parser": {
      "version": "http://registry.npmjs.org/cookie-parser/-/cookie-parser-1.4.3.tgz",
      "integrity": "sha1-D+MfoZ0AC5X0qt8fU/3CuKIDuqU=",
      "requires": {
        "cookie": "http://registry.npmjs.org/cookie/-/cookie-0.3.1.tgz",
        "cookie-signature": "http://registry.npmjs.org/cookie-signature/-/cookie-signature-1.0.6.tgz"
      }
    },
    "cookie-signature": {
      "version": "http://registry.npmjs.org/cookie-signature/-/cookie-signature-1.0.6.tgz",
      "integrity": "sha1-4wOogrNCzD7oylE6eZmXNNqzriw="
    },
    "core-util-is": {
      "version": "http://registry.npmjs.org/core-util-is/-/core-util-is-1.0.2.tgz",
      "integrity": "sha1-tf1UIgqivFq1eqtxQMlAdUUDwac="
    },
    "debug": {
      "version": "http://registry.npmjs.org/debug/-/debug-2.6.8.tgz",
      "integrity": "sha1-5zFTHKLt4n0YgiJCfaF4IdaP9Pw=",
      "requires": {
        "ms": "http://registry.npmjs.org/ms/-/ms-2.0.0.tgz"
      }
    },
    "depd": {
      "version": "http://registry.npmjs.org/depd/-/depd-1.1.0.tgz",
      "integrity": "sha1-4b2Cxqq2ztlluXuIsX7T5SjKGMM="
    },
    "destroy": {
      "version": "http://registry.npmjs.org/destroy/-/destroy-1.0.4.tgz",
      "integrity": "sha1-l4hXRCxEdJ5CBmE+N5RiBYJqvYA="
    },
    "ee-first": {
      "version": "http://registry.npmjs.org/ee-first/-/ee-first-1.1.1.tgz",
      "integrity": "sha1-WQxhFWsK4vTwJVcyoViyZrxWsh0="
    },
    "ejs": {
      "version": "2.5.6",
      "resolved": "https://registry.npmjs.org/ejs/-/ejs-2.5.6.tgz",
      "integrity": "sha1-R5Y2v6P+Ox3r1SCH8KyyBLTxnIg="
    },
    "encodeurl": {
      "version": "http://registry.npmjs.org/encodeurl/-/encodeurl-1.0.1.tgz",
      "integrity": "sha1-eePVhlU0aQn+bw9Fpd5oEDspTSA="
    },
    "es6-promise": {
      "version": "http://registry.npmjs.org/es6-promise/-/es6-promise-3.2.1.tgz",
      "integrity": "sha1-7FYjOGgDKQkgcXDDlEjiREndH8Q="
    },
    "escape-html": {
      "version": "http://registry.npmjs.org/escape-html/-/escape-html-1.0.3.tgz",
      "integrity": "sha1-Aljq5NPQwJdN4cFpGI7wBR0dGYg="
    },
    "etag": {
      "version": "http://registry.npmjs.org/etag/-/etag-1.8.0.tgz",
      "integrity": "sha1-b2Ma7zNtbEY2K1F2QETOIWvjwFE="
    },
    "express": {
      "version": "http://registry.npmjs.org/express/-/express-4.15.3.tgz",
      "integrity": "sha1-urZdDwOqgMNYQIly/HAPkWlEtmI=",
      "requires": {
        "accepts": "http://registry.npmjs.org/accepts/-/accepts-1.3.3.tgz",
        "array-flatten": "http://registry.npmjs.org/array-flatten/-/array-flatten-1.1.1.tgz",
        "content-disposition": "http://registry.npmjs.org/content-disposition/-/content-disposition-0.5.2.tgz",
        "content-type": "http://registry.npmjs.org/content-type/-/content-type-1.0.2.tgz",
        "cookie": "http://registry.npmjs.org/cookie/-/cookie-0.3.1.tgz",
        "cookie-signature": "http://registry.npmjs.org/cookie-signature/-/cookie-signature-1.0.6.tgz",
        "debug": "http://registry.npmjs.org/debug/-/debug-2.6.7.tgz",
        "depd": "http://registry.npmjs.org/depd/-/depd-1.1.0.tgz",
        "encodeurl": "http://registry.npmjs.org/encodeurl/-/encodeurl-1.0.1.tgz",
        "escape-html": "http://registry.npmjs.org/escape-html/-/escape-html-1.0.3.tgz",
        "etag": "http://registry.npmjs.org/etag/-/etag-1.8.0.tgz",
        "finalhandler": "http://registry.npmjs.org/finalhandler/-/finalhandler-1.0.3.tgz",
        "fresh": "http://registry.npmjs.org/fresh/-/fresh-0.5.0.tgz",
        "merge-descriptors": "http://registry.npmjs.org/merge-descriptors/-/merge-descriptors-1.0.1.tgz",
        "methods": "http://registry.npmjs.org/methods/-/methods-1.1.2.tgz",
        "on-finished": "http://registry.npmjs.org/on-finished/-/on-finished-2.3.0.tgz",
        "parseurl": "http://registry.npmjs.org/parseurl/-/parseurl-1.3.1.tgz",
        "path-to-regexp": "http://registry.npmjs.org/path-to-regexp/-/path-to-regexp-0.1.7.tgz",
        "proxy-addr": "http://registry.npmjs.org/proxy-addr/-/proxy-addr-1.1.4.tgz",
        "qs": "http://registry.npmjs.org/qs/-/qs-6.4.0.tgz",
        "range-parser": "http://registry.npmjs.org/range-parser/-/range-parser-1.2.0.tgz",
        "send": "http://registry.npmjs.org/send/-/send-0.15.3.tgz",
        "serve-static": "http://registry.npmjs.org/serve-static/-/serve-static-1.12.3.tgz",
        "setprototypeof": "http://registry.npmjs.org/setprototypeof/-/setprototypeof-1.0.3.tgz",
        "statuses": "http://registry.npmjs.org/statuses/-/statuses-1.3.1.tgz",
        "type-is": "http://registry.npmjs.org/type-is/-/type-is-1.6.15.tgz",
        "utils-merge": "http://registry.npmjs.org/utils-merge/-/utils-merge-1.0.0.tgz",
        "vary": "http://registry.npmjs.org/vary/-/vary-1.1.1.tgz"
      },
      "dependencies": {
        "debug": {
          "version": "http://registry.npmjs.org/debug/-/debug-2.6.7.tgz",
          "integrity": "sha1-krrR9tBbu2u6Isyoi80OyJTChh4=",
          "requires": {
            "ms": "http://registry.npmjs.org/ms/-/ms-2.0.0.tgz"
          }
        }
      }
    },
    "finalhandler": {
      "version": "http://registry.npmjs.org/finalhandler/-/finalhandler-1.0.3.tgz",
      "integrity": "sha1-70fneVDpmXgOhgIqVg4yF+DQzIk=",
      "requires": {
        "debug": "http://registry.npmjs.org/debug/-/debug-2.6.7.tgz",
        "encodeurl": "http://registry.npmjs.org/encodeurl/-/encodeurl-1.0.1.tgz",
        "escape-html": "http://registry.npmjs.org/escape-html/-/escape-html-1.0.3.tgz",
        "on-finished": "http://registry.npmjs.org/on-finished/-/on-finished-2.3.0.tgz",
        "parseurl": "http://registry.npmjs.org/parseurl/-/parseurl-1.3.1.tgz",
        "statuses": "http://registry.npmjs.org/statuses/-/statuses-1.3.1.tgz",
        "unpipe": "http://registry.npmjs.org/unpipe/-/unpipe-1.0.0.tgz"
      },
      "dependencies": {
        "debug": {
          "version": "http://registry.npmjs.org/debug/-/debug-2.6.7.tgz",
          "integrity": "sha1-krrR9tBbu2u6Isyoi80OyJTChh4=",
          "requires": {
            "ms": "http://registry.npmjs.org/ms/-/ms-2.0.0.tgz"
          }
        }
      }
    },
    "forwarded": {
      "version": "http://registry.npmjs.org/forwarded/-/forwarded-0.1.0.tgz",
      "integrity": "sha1-Ge+YdMSuHCl7zweP3mOgm2aoQ2M="
    },
    "fresh": {
      "version": "http://registry.npmjs.org/fresh/-/fresh-0.5.0.tgz",
      "integrity": "sha1-9HTKXmqSRtb9jglTz6m5yAWvp44="
    },
    "http-errors": {
      "version": "http://registry.npmjs.org/http-errors/-/http-errors-1.6.1.tgz",
      "integrity": "sha1-X4uO2YrKVFZWv1cplzh/kEpyIlc=",
      "requires": {
        "depd": "http://registry.npmjs.org/depd/-/depd-1.1.0.tgz",
        "inherits": "http://registry.npmjs.org/inherits/-/inherits-2.0.3.tgz",
        "setprototypeof": "http://registry.npmjs.org/setprototypeof/-/setprototypeof-1.0.3.tgz",
        "statuses": "http://registry.npmjs.org/statuses/-/statuses-1.3.1.tgz"
      }
    },
    "iconv-lite": {
      "version": "http://registry.npmjs.org/iconv-lite/-/iconv-lite-0.4.15.tgz",
      "integrity": "sha1-/iZaIYrGpXz+hUkn6dBMGYJe3es="
    },
    "inherits": {
      "version": "http://registry.npmjs.org/inherits/-/inherits-2.0.3.tgz",
      "integrity": "sha1-Yzwsg+PaQqUC9SRmAiSA9CCCYd4="
    },
    "ipaddr.js": {
      "version": "http://registry.npmjs.org/ipaddr.js/-/ipaddr.js-1.3.0.tgz",
      "integrity": "sha1-HgOlL9rYOou7KyXL9JmLTP/NPew="
    },
    "isarray": {
      "version": "http://registry.npmjs.org/isarray/-/isarray-1.0.0.tgz",
      "integrity": "sha1-u5NdSFgsuhaMBoNJV6VKPgcSTxE="
    },
    "media-typer": {
      "version": "http://registry.npmjs.org/media-typer/-/media-typer-0.3.0.tgz",
      "integrity": "sha1-hxDXrwqmJvj/+hzgAWhUUmMlV0g="
    },
    "merge-descriptors": {
      "version": "http://registry.npmjs.org/merge-descriptors/-/merge-descriptors-1.0.1.tgz",
      "integrity": "sha1-sAqqVW3YtEVoFQ7J0blT8/kMu2E="
    },
    "methods": {
      "version": "http://registry.npmjs.org/methods/-/methods-1.1.2.tgz",
      "integrity": "sha1-VSmk1nZUE07cxSZmVoNbD4Ua/O4="
    },
    "mime": {
      "version": "http://registry.npmjs.org/mime/-/mime-1.3.4.tgz",
      "integrity": "sha1-EV+eO2s9rylZmDyzjxSaLUDrXVM="
    },
    "mime-db": {
      "version": "http://registry.npmjs.org/mime-db/-/mime-db-1.27.0.tgz",
      "integrity": "sha1-gg9XIpa70g7CXtVeW13oaeVDbrE="
    },
    "mime-types": {
      "version": "http://registry.npmjs.org/mime-types/-/mime-types-2.1.15.tgz",
      "integrity": "sha1-pOv1BkCUVpI3uM9wBGd20J/JKu0=",
      "requires": {
        "mime-db": "http://registry.npmjs.org/mime-db/-/mime-db-1.27.0.tgz"
      }
    },
    "mongodb": {
      "version": "http://registry.npmjs.org/mongodb/-/mongodb-2.2.29.tgz",
      "integrity": "sha1-NrJEEm8mdmxevWRluKtbVC1oM8U=",
      "requires": {
        "es6-promise": "http://registry.npmjs.org/es6-promise/-/es6-promise-3.2.1.tgz",
        "mongodb-core": "http://registry.npmjs.org/mongodb-core/-/mongodb-core-2.1.13.tgz",
        "readable-stream": "http://registry.npmjs.org/readable-stream/-/readable-stream-2.2.7.tgz"
      }
    },
    "mongodb-core": {
      "version": "http://registry.npmjs.org/mongodb-core/-/mongodb-core-2.1.13.tgz",
      "integrity": "sha1-dx72OCcKyZOrQphGiauCQlG5aog=",
      "requires": {
        "bson": "http://registry.npmjs.org/bson/-/bson-1.0.4.tgz",
        "require_optional": "http://registry.npmjs.org/require_optional/-/require_optional-1.0.1.tgz"
      }
    },
    "morgan": {
      "version": "http://registry.npmjs.org/morgan/-/morgan-1.8.1.tgz",
      "integrity": "sha1-+TAj04h70nt439YCPOp4ku4npLE=",
      "requires": {
        "basic-auth": "http://registry.npmjs.org/basic-auth/-/basic-auth-1.1.0.tgz",
        "debug": "http://registry.npmjs.org/debug/-/debug-2.6.1.tgz",
        "depd": "http://registry.npmjs.org/depd/-/depd-1.1.0.tgz",
        "on-finished": "http://registry.npmjs.org/on-finished/-/on-finished-2.3.0.tgz",
        "on-headers": "http://registry.npmjs.org/on-headers/-/on-headers-1.0.1.tgz"
      },
      "dependencies": {
        "debug": {
          "version": "http://registry.npmjs.org/debug/-/debug-2.6.1.tgz",
          "integrity": "sha1-eYVQkLosTjEVzH2HaUkdWPBJE1E=",
          "requires": {
            "ms": "http://registry.npmjs.org/ms/-/ms-0.7.2.tgz"
          }
        },
        "ms": {
          "version": "http://registry.npmjs.org/ms/-/ms-0.7.2.tgz",
          "integrity": "sha1-riXPJRKziFodldfwN4aNhDESR2U="
        }
      }
    },
    "ms": {
      "version": "http://registry.npmjs.org/ms/-/ms-2.0.0.tgz",
      "integrity": "sha1-VgiurfwAvmwpAd9fmGF4jeDVl8g="
    },
    "negotiator": {
      "version": "http://registry.npmjs.org/negotiator/-/negotiator-0.6.1.tgz",
      "integrity": "sha1-KzJxhOiZIQEXeyhWP7XnECrNDKk="
    },
    "on-finished": {
      "version": "http://registry.npmjs.org/on-finished/-/on-finished-2.3.0.tgz",
      "integrity": "sha1-IPEzZIGwg811M3mSoWlxqi2QaUc=",
      "requires": {
        "ee-first": "http://registry.npmjs.org/ee-first/-/ee-first-1.1.1.tgz"
      }
    },
    "on-headers": {
      "version": "http://registry.npmjs.org/on-headers/-/on-headers-1.0.1.tgz",
      "integrity": "sha1-ko9dD0cNSTQmUepnlLCFfBAGk/c="
    },
    "parseurl": {
      "version": "http://registry.npmjs.org/parseurl/-/parseurl-1.3.1.tgz",
      "integrity": "sha1-yKuMkiO6NIiKpkopeyiFO+wY2lY="
    },
    "path": {
      "version": "http://registry.npmjs.org/path/-/path-0.12.7.tgz",
      "integrity": "sha1-1NwqUGxM4hl+tIHr/NWzbAFAsQ8=",
      "requires": {
        "process": "http://registry.npmjs.org/process/-/process-0.11.10.tgz",
        "util": "http://registry.npmjs.org/util/-/util-0.10.3.tgz"
      }
    },
    "path-to-regexp": {
      "version": "http://registry.npmjs.org/path-to-regexp/-/path-to-regexp-0.1.7.tgz",
      "integrity": "sha1-32BBeABfUi8V60SQ5yR6G/qmf4w="
    },
    "process": {
      "version": "http://registry.npmjs.org/process/-/process-0.11.10.tgz",
      "integrity": "sha1-czIwDoQBYb2j5podHZGn1LwW8YI="
    },
    "process-nextick-args": {
      "version": "http://registry.npmjs.org/process-nextick-args/-/process-nextick-args-1.0.7.tgz",
      "integrity": "sha1-FQ4gt1ZZCtP5EJPyWk8q2L/zC6M="
    },
    "proxy-addr": {
      "version": "http://registry.npmjs.org/proxy-addr/-/proxy-addr-1.1.4.tgz",
      "integrity": "sha1-J+VF9pYKRKYn2bREZ+NcG2tM4vM=",
      "requires": {
        "forwarded": "http://registry.npmjs.org/forwarded/-/forwarded-0.1.0.tgz",
        "ipaddr.js": "http://registry.npmjs.org/ipaddr.js/-/ipaddr.js-1.3.0.tgz"
      }
    },
    "qs": {
      "version": "http://registry.npmjs.org/qs/-/qs-6.4.0.tgz",
      "integrity": "sha1-E+JtKK1rD/qpExLNO/cI7TUecjM="
    },
    "range-parser": {
      "version": "http://registry.npmjs.org/range-parser/-/range-parser-1.2.0.tgz",
      "integrity": "sha1-9JvmtIeJTdxA3MlKMi9hEJLgDV4="
    },
    "raw-body": {
      "version": "http://registry.npmjs.org/raw-body/-/raw-body-2.2.0.tgz",
      "integrity": "sha1-mUl2z2pQlqQRYoQEkvC9xdbn+5Y=",
      "requires": {
        "bytes": "http://registry.npmjs.org/bytes/-/bytes-2.4.0.tgz",
        "iconv-lite": "http://registry.npmjs.org/iconv-lite/-/iconv-lite-0.4.15.tgz",
        "unpipe": "http://registry.npmjs.org/unpipe/-/unpipe-1.0.0.tgz"
      }
    },
    "readable-stream": {
      "version": "http://registry.npmjs.org/readable-stream/-/readable-stream-2.2.7.tgz",
      "integrity": "sha1-BwV6y+JGeyIELTb5jFrVBwVOlbE=",
      "requires": {
        "buffer-shims": "http://registry.npmjs.org/buffer-shims/-/buffer-shims-1.0.0.tgz",
        "core-util-is": "http://registry.npmjs.org/core-util-is/-/core-util-is-1.0.2.tgz",
        "inherits": "http://registry.npmjs.org/inherits/-/inherits-2.0.3.tgz",
        "isarray": "http://registry.npmjs.org/isarray/-/isarray-1.0.0.tgz",
        "process-nextick-args": "http://registry.npmjs.org/process-nextick-args/-/process-nextick-args-1.0.7.tgz",
        "string_decoder": "http://registry.npmjs.org/string_decoder/-/string_decoder-1.0.3.tgz",
        "util-deprecate": "http://registry.npmjs.org/util-deprecate/-/util-deprecate-1.0.2.tgz"
      }
    },
    "require_optional": {
      "version": "http://registry.npmjs.org/require_optional/-/require_optional-1.0.1.tgz",
      "integrity": "sha1-TPNaQkf2TKPfjC7yCMxJSxyo/C4=",
      "requires": {
        "resolve-from": "http://registry.npmjs.org/resolve-from/-/resolve-from-2.0.0.tgz",
        "semver": "http://registry.npmjs.org/semver/-/semver-5.3.0.tgz"
      }
    },
    "resolve-from": {
      "version": "http://registry.npmjs.org/resolve-from/-/resolve-from-2.0.0.tgz",
      "integrity": "sha1-lICrIOlP+h2egKgEx+oUdhGWa1c="
    },
    "safe-buffer": {
      "version": "http://registry.npmjs.org/safe-buffer/-/safe-buffer-5.0.1.tgz",
      "integrity": "sha1-0mPKVGls2KMGtcplUekt5XkY++c="
    },
    "semver": {
      "version": "http://registry.npmjs.org/semver/-/semver-5.3.0.tgz",
      "integrity": "sha1-myzl094C0XxgEq0yaqa00M9U+U8="
    },
    "send": {
      "version": "http://registry.npmjs.org/send/-/send-0.15.3.tgz",
      "integrity": "sha1-UBP5+ZAj31DRvZiSwZ4979HVMwk=",
      "requires": {
        "debug": "http://registry.npmjs.org/debug/-/debug-2.6.7.tgz",
        "depd": "http://registry.npmjs.org/depd/-/depd-1.1.0.tgz",
        "destroy": "http://registry.npmjs.org/destroy/-/destroy-1.0.4.tgz",
        "encodeurl": "http://registry.npmjs.org/encodeurl/-/encodeurl-1.0.1.tgz",
        "escape-html": "http://registry.npmjs.org/escape-html/-/escape-html-1.0.3.tgz",
        "etag": "http://registry.npmjs.org/etag/-/etag-1.8.0.tgz",
        "fresh": "http://registry.npmjs.org/fresh/-/fresh-0.5.0.tgz",
        "http-errors": "http://registry.npmjs.org/http-errors/-/http-errors-1.6.1.tgz",
        "mime": "http://registry.npmjs.org/mime/-/mime-1.3.4.tgz",
        "ms": "http://registry.npmjs.org/ms/-/ms-2.0.0.tgz",
        "on-finished": "http://registry.npmjs.org/on-finished/-/on-finished-2.3.0.tgz",
        "range-parser": "http://registry.npmjs.org/range-parser/-/range-parser-1.2.0.tgz",
        "statuses": "http://registry.npmjs.org/statuses/-/statuses-1.3.1.tgz"
      },
      "dependencies": {
        "debug": {
          "version": "http://registry.npmjs.org/debug/-/debug-2.6.7.tgz",
          "integrity": "sha1-krrR9tBbu2u6Isyoi80OyJTChh4=",
          "requires": {
            "ms": "http://registry.npmjs.org/ms/-/ms-2.0.0.tgz"
          }
        }
      }
    },
    "serve-favicon": {
      "version": "http://registry.npmjs.org/serve-favicon/-/serve-favicon-2.4.3.tgz",
      "integrity": "sha1-WYaxewUCZCtkHCH4GLGszjICXSM=",
      "requires": {
        "etag": "http://registry.npmjs.org/etag/-/etag-1.8.0.tgz",
        "fresh": "http://registry.npmjs.org/fresh/-/fresh-0.5.0.tgz",
        "ms": "http://registry.npmjs.org/ms/-/ms-2.0.0.tgz",
        "parseurl": "http://registry.npmjs.org/parseurl/-/parseurl-1.3.1.tgz",
        "safe-buffer": "http://registry.npmjs.org/safe-buffer/-/safe-buffer-5.0.1.tgz"
      }
    },
    "serve-static": {
      "version": "http://registry.npmjs.org/serve-static/-/serve-static-1.12.3.tgz",
      "integrity": "sha1-n0uhni8wMMVH+K+ZEHg47DjVseI=",
      "requires": {
        "encodeurl": "http://registry.npmjs.org/encodeurl/-/encodeurl-1.0.1.tgz",
        "escape-html": "http://registry.npmjs.org/escape-html/-/escape-html-1.0.3.tgz",
        "parseurl": "http://registry.npmjs.org/parseurl/-/parseurl-1.3.1.tgz",
        "send": "http://registry.npmjs.org/send/-/send-0.15.3.tgz"
      }
    },
    "setprototypeof": {
      "version": "http://registry.npmjs.org/setprototypeof/-/setprototypeof-1.0.3.tgz",
      "integrity": "sha1-ZlZ+NwQ+608E2RvWWMDL77VbjgQ="
    },
    "statuses": {
      "version": "http://registry.npmjs.org/statuses/-/statuses-1.3.1.tgz",
      "integrity": "sha1-+vUbnrdKrvOzrPStX2Gr8ky3uT4="
    },
    "string_decoder": {
      "version": "http://registry.npmjs.org/string_decoder/-/string_decoder-1.0.3.tgz",
      "integrity": "sha1-D8Z9fBQYJd6UKC3VNr7GubzoYKs=",
      "requires": {
        "safe-buffer": "http://registry.npmjs.org/safe-buffer/-/safe-buffer-5.1.1.tgz"
      },
      "dependencies": {
        "safe-buffer": {
          "version": "http://registry.npmjs.org/safe-buffer/-/safe-buffer-5.1.1.tgz",
          "integrity": "sha1-iTMSr2myEj3vcfV4iQAWce6yyFM="
        }
      }
    },
    "type-is": {
      "version": "http://registry.npmjs.org/type-is/-/type-is-1.6.15.tgz",
      "integrity": "sha1-yrEPtJCeRByChC6v4a1kbIGARBA=",
      "requires": {
        "media-typer": "http://registry.npmjs.org/media-typer/-/media-typer-0.3.0.tgz",
        "mime-types": "http://registry.npmjs.org/mime-types/-/mime-types-2.1.15.tgz"
      }
    },
    "unpipe": {
      "version": "http://registry.npmjs.org/unpipe/-/unpipe-1.0.0.tgz",
      "integrity": "sha1-sr9O6FFKrmFltIF4KdIbLvSZBOw="
    },
    "util": {
      "version": "http://registry.npmjs.org/util/-/util-0.10.3.tgz",
      "integrity": "sha1-evsa/lCAUkZInj23/g7TeTNqwPk=",
      "requires": {
        "inherits": "http://registry.npmjs.org/inherits/-/inherits-2.0.1.tgz"
      },
      "dependencies": {
        "inherits": {
          "version": "http://registry.npmjs.org/inherits/-/inherits-2.0.1.tgz",
          "integrity": "sha1-sX0I0ya0Qj5Wjv9xn5GwscvfafE="
        }
      }
    },
    "util-deprecate": {
      "version": "http://registry.npmjs.org/util-deprecate/-/util-deprecate-1.0.2.tgz",
      "integrity": "sha1-RQ1Nyfpw3nMnYvvS1KKJgUGaDM8="
    },
    "utils-merge": {
      "version": "http://registry.npmjs.org/utils-merge/-/utils-merge-1.0.0.tgz",
      "integrity": "sha1-ApT7kiu5N1FTVBxPcJYjHyh8ivg="
    },
    "vary": {
      "version": "http://registry.npmjs.org/vary/-/vary-1.1.1.tgz",
      "integrity": "sha1-Z1Neu2lMHVIldFeYRmUyP1h+jTc="
    }
  }
}
